
Microsoft Visual Studio Solution File, Format Version 12.00
# Visual Studio Version 16
VisualStudioVersion = 16.0.30011.22
MinimumVisualStudioVersion = 10.0.40219.1
Project("{FAE04EC0-301F-11D3-BF4B-00C04F79EFBC}") = "cli", "cli\cli.csproj", "{F3C18E05-CBFB-460E-9D2F-4C5E44DDBFBA}"
EndProject
Project("{FAE04EC0-301F-11D3-BF4B-00C04F79EFBC}") = "slides.core", "slides.core\slides.core.csproj", "{3474A5F7-DCE5-4B53-A5DF-60B8C90E469D}"
EndProject
Global
	GlobalSection(SolutionConfigurationPlatforms) = preSolution
		Debug|Any CPU = Debug|Any CPU
		Release|Any CPU = Release|Any CPU
	EndGlobalSection
	GlobalSection(ProjectConfigurationPlatforms) = postSolution
		{F3C18E05-CBFB-460E-9D2F-4C5E44DDBFBA}.Debug|Any CPU.ActiveCfg = Debug|Any CPU
		{F3C18E05-CBFB-460E-9D2F-4C5E44DDBFBA}.Debug|Any CPU.Build.0 = Debug|Any CPU
		{F3C18E05-CBFB-460E-9D2F-4C5E44DDBFBA}.Release|Any CPU.ActiveCfg = Release|Any CPU
		{F3C18E05-CBFB-460E-9D2F-4C5E44DDBFBA}.Release|Any CPU.Build.0 = Release|Any CPU
		{3474A5F7-DCE5-4B53-A5DF-60B8C90E469D}.Debug|Any CPU.ActiveCfg = Debug|Any CPU
		{3474A5F7-DCE5-4B53-A5DF-60B8C90E469D}.Debug|Any CPU.Build.0 = Debug|Any CPU
		{3474A5F7-DCE5-4B53-A5DF-60B8C90E469D}.Release|Any CPU.ActiveCfg = Release|Any CPU
		{3474A5F7-DCE5-4B53-A5DF-60B8C90E469D}.Release|Any CPU.Build.0 = Release|Any CPU
	EndGlobalSection
	GlobalSection(SolutionProperties) = preSolution
		HideSolutionNode = FALSE
	EndGlobalSection
	GlobalSection(ExtensibilityGlobals) = postSolution
		SolutionGuid = {1381D1BB-6357-46F3-92E7-ACFDE995B127}
	EndGlobalSection
EndGlobal
